{
  "name": "insomnia-plugin-starkbank-sign",
  "version": "1.0.0",
  "lockfileVersion": 3,
  "requires": true,
  "packages": {
    "": {
      "name": "insomnia-plugin-starkbank-sign",
      "version": "1.0.0",
      "dependencies": {
        "starkbank-ecdsa": "^1.1.5"
      }
    },
    "node_modules/big-integer": {
      "version": "1.6.52",
      "resolved": "https://registry.npmjs.org/big-integer/-/big-integer-1.6.52.tgz",
      "integrity": "sha512-QxD8cf2eVqJOOz63z6JIN9BzvVs/dlySa5HGSBH5xtR8dPteIRQnBxxKqkNTiT6jbDTF6jAfrd4oMcND9RGbQg==",
      "engines": {
        "node": ">=0.6"
      }
    },
    "node_modules/js-sha256": {
      "version": "0.9.0",
      "resolved": "https://registry.npmjs.org/js-sha256/-/js-sha256-0.9.0.tgz",
      "integrity": "sha512-sga3MHh9sgQN2+pJ9VYZ+1LPwXOxuBJBA5nrR5/ofPfuiJBE2hnjsaN8se8JznOmGLN2p49Pe5U/ttafcs/apA=="
    },
    "node_modules/starkbank-ecdsa": {
      "version": "1.1.5",
      "resolved": "https://registry.npmjs.org/starkbank-ecdsa/-/starkbank-ecdsa-1.1.5.tgz",
      "integrity": "sha512-5O9CJ0QF6pTrtDg6dmaHy1GC/2wA1tcXsYanWOCzg+2cZrCDylEvEl6krzI4Zy8ryar00lHErRTT2Q61w/MUVA==",
      "dependencies": {
        "big-integer": "^1.6.48",
        "js-sha256": "^0.9.0"
      }
    }
  }
}
